// !$*UTF8*$!
{
	archiveVersion = 1;
	classes = {
	};
	objectVersion = 46;
	objects = {

/* Begin PBXBuildFile section */
		620741721EC8B2D7007A0DD7 /* Result.swift in Sources */ = {isa = PBXBuildFile; fileRef = 620741711EC8B2D7007A0DD7 /* Result.swift */; };
		620741741EC8BF6F007A0DD7 /* UIViewController+Removal.swift in Sources */ = {isa = PBXBuildFile; fileRef = 620741731EC8BF6F007A0DD7 /* UIViewController+Removal.swift */; };
		620741761EC8CDF1007A0DD7 /* LoginService.swift in Sources */ = {isa = PBXBuildFile; fileRef = 620741751EC8CDF1007A0DD7 /* LoginService.swift */; };
		620741781EC8CE69007A0DD7 /* MockLoginService.swift in Sources */ = {isa = PBXBuildFile; fileRef = 620741771EC8CE69007A0DD7 /* MockLoginService.swift */; };
		6207417A1EC8D316007A0DD7 /* Randomizer.swift in Sources */ = {isa = PBXBuildFile; fileRef = 620741791EC8D316007A0DD7 /* Randomizer.swift */; };
		6207417C1EC8D398007A0DD7 /* Functions.swift in Sources */ = {isa = PBXBuildFile; fileRef = 6207417B1EC8D398007A0DD7 /* Functions.swift */; };
		6207417E1EC8DACB007A0DD7 /* LoginState.swift in Sources */ = {isa = PBXBuildFile; fileRef = 6207417D1EC8DACB007A0DD7 /* LoginState.swift */; };
		620741821EC8DBED007A0DD7 /* LoginUpdater.swift in Sources */ = {isa = PBXBuildFile; fileRef = 620741811EC8DBED007A0DD7 /* LoginUpdater.swift */; };
		620741871EC90394007A0DD7 /* ErrorHandler.swift in Sources */ = {isa = PBXBuildFile; fileRef = 620741861EC90394007A0DD7 /* ErrorHandler.swift */; };
		6207418B1EC90879007A0DD7 /* MockCredentials.swift in Sources */ = {isa = PBXBuildFile; fileRef = 6207418A1EC90879007A0DD7 /* MockCredentials.swift */; };
		6207418F1EC90DF4007A0DD7 /* LoginRouter.swift in Sources */ = {isa = PBXBuildFile; fileRef = 6207418E1EC90DF4007A0DD7 /* LoginRouter.swift */; };
		620741911EC90FF2007A0DD7 /* MoviesCoordinator.swift in Sources */ = {isa = PBXBuildFile; fileRef = 620741901EC90FF2007A0DD7 /* MoviesCoordinator.swift */; };
		6236C00A1DBD008F002A61D6 /* AppDelegate.swift in Sources */ = {isa = PBXBuildFile; fileRef = 6236C0091DBD008F002A61D6 /* AppDelegate.swift */; };
		6236C00F1DBD008F002A61D6 /* Main.storyboard in Resources */ = {isa = PBXBuildFile; fileRef = 6236C00D1DBD008F002A61D6 /* Main.storyboard */; };
		6236C0111DBD008F002A61D6 /* Assets.xcassets in Resources */ = {isa = PBXBuildFile; fileRef = 6236C0101DBD008F002A61D6 /* Assets.xcassets */; };
		6236C0141DBD008F002A61D6 /* LaunchScreen.storyboard in Resources */ = {isa = PBXBuildFile; fileRef = 6236C0121DBD008F002A61D6 /* LaunchScreen.storyboard */; };
		6236C01F1DBD008F002A61D6 /* MoviesTests.swift in Sources */ = {isa = PBXBuildFile; fileRef = 6236C01E1DBD008F002A61D6 /* MoviesTests.swift */; };
		624EB2A21ED4CD93008C1C1F /* UIStoryboard+Movies.swift in Sources */ = {isa = PBXBuildFile; fileRef = 624EB2A11ED4CD93008C1C1F /* UIStoryboard+Movies.swift */; };
		624EB2A41ED4CECA008C1C1F /* FlowComponent.swift in Sources */ = {isa = PBXBuildFile; fileRef = 624EB2A31ED4CECA008C1C1F /* FlowComponent.swift */; };
		624EB2A91ED4D9B6008C1C1F /* SignUpViewController.swift in Sources */ = {isa = PBXBuildFile; fileRef = 624EB2A81ED4D9B6008C1C1F /* SignUpViewController.swift */; };
		624EB2AB1ED4D9C5008C1C1F /* SignUpFlow.swift in Sources */ = {isa = PBXBuildFile; fileRef = 624EB2AA1ED4D9C5008C1C1F /* SignUpFlow.swift */; };
		624EB2AD1ED4DA3E008C1C1F /* ForgotPasswordFlow.swift in Sources */ = {isa = PBXBuildFile; fileRef = 624EB2AC1ED4DA3E008C1C1F /* ForgotPasswordFlow.swift */; };
		624EB2AF1ED4DA4C008C1C1F /* ForgotPasswordViewController.swift in Sources */ = {isa = PBXBuildFile; fileRef = 624EB2AE1ED4DA4C008C1C1F /* ForgotPasswordViewController.swift */; };
		624EB2B11ED4DBF7008C1C1F /* ChangePasswordFlow.swift in Sources */ = {isa = PBXBuildFile; fileRef = 624EB2B01ED4DBF7008C1C1F /* ChangePasswordFlow.swift */; };
		624EB2B31ED4DC24008C1C1F /* ChangePasswordViewController.swift in Sources */ = {isa = PBXBuildFile; fileRef = 624EB2B21ED4DC24008C1C1F /* ChangePasswordViewController.swift */; };
		624EB2B51ED4DD96008C1C1F /* MovieListFlow.swift in Sources */ = {isa = PBXBuildFile; fileRef = 624EB2B41ED4DD96008C1C1F /* MovieListFlow.swift */; };
		629374C01E336A4000930DBC /* Property.swift in Sources */ = {isa = PBXBuildFile; fileRef = 629374BF1E336A4000930DBC /* Property.swift */; };
		62A325E31EC88E9700E890C7 /* MovieListViewController.swift in Sources */ = {isa = PBXBuildFile; fileRef = 62A325E21EC88E9700E890C7 /* MovieListViewController.swift */; };
		62A325E71EC89DEB00E890C7 /* MovieListCommands.swift in Sources */ = {isa = PBXBuildFile; fileRef = 62A325E61EC89DEB00E890C7 /* MovieListCommands.swift */; };
		62A325E91EC89E4C00E890C7 /* MovieListUpdater.swift in Sources */ = {isa = PBXBuildFile; fileRef = 62A325E81EC89E4C00E890C7 /* MovieListUpdater.swift */; };
		62A325EC1EC89EFF00E890C7 /* MoviePresentation.swift in Sources */ = {isa = PBXBuildFile; fileRef = 62A325EB1EC89EFF00E890C7 /* MoviePresentation.swift */; };
		62BB70BE1ED26A3D003ED093 /* Flow.swift in Sources */ = {isa = PBXBuildFile; fileRef = 62BB70BD1ED26A3D003ED093 /* Flow.swift */; };
		62BB70C01ED26E69003ED093 /* LoginFlow.swift in Sources */ = {isa = PBXBuildFile; fileRef = 62BB70BF1ED26E69003ED093 /* LoginFlow.swift */; };
		62D9EC8D1DBD01A10070EEF1 /* LoginViewController.swift in Sources */ = {isa = PBXBuildFile; fileRef = 62D9EC8C1DBD01A10070EEF1 /* LoginViewController.swift */; };
		62D9EC981DBD03830070EEF1 /* DummyViewController.swift in Sources */ = {isa = PBXBuildFile; fileRef = 62D9EC971DBD03830070EEF1 /* DummyViewController.swift */; };
		62D9EC9C1DBD08690070EEF1 /* LoginCommands.swift in Sources */ = {isa = PBXBuildFile; fileRef = 62D9EC9B1DBD08690070EEF1 /* LoginCommands.swift */; };
		62D9EC9E1DBD12B30070EEF1 /* Launcher.swift in Sources */ = {isa = PBXBuildFile; fileRef = 62D9EC9D1DBD12B30070EEF1 /* Launcher.swift */; };
		62D9ECA31DBD14FC0070EEF1 /* CollectionChange.swift in Sources */ = {isa = PBXBuildFile; fileRef = 62D9ECA01DBD14FC0070EEF1 /* CollectionChange.swift */; };
		62D9ECA41DBD14FC0070EEF1 /* ActivityTracker.swift in Sources */ = {isa = PBXBuildFile; fileRef = 62D9ECA11DBD14FC0070EEF1 /* ActivityTracker.swift */; };
		62D9ECA51DBD14FC0070EEF1 /* UITableView+CollectionChange.swift in Sources */ = {isa = PBXBuildFile; fileRef = 62D9ECA21DBD14FC0070EEF1 /* UITableView+CollectionChange.swift */; };
		62D9ECAA1DBD28350070EEF1 /* Movie.swift in Sources */ = {isa = PBXBuildFile; fileRef = 62D9ECA91DBD28350070EEF1 /* Movie.swift */; };
		62F132631E34000A007662D0 /* MoviesService.swift in Sources */ = {isa = PBXBuildFile; fileRef = 62F132621E34000A007662D0 /* MoviesService.swift */; };
		62F132651E340043007662D0 /* MockMoviesService.swift in Sources */ = {isa = PBXBuildFile; fileRef = 62F132641E340043007662D0 /* MockMoviesService.swift */; };
		62FD0B351EC3B60A00F5B0E0 /* MovieListState.swift in Sources */ = {isa = PBXBuildFile; fileRef = 62FD0B341EC3B60A00F5B0E0 /* MovieListState.swift */; };
		8F5BD3141ED85C07006387FB /* Tree.swift in Sources */ = {isa = PBXBuildFile; fileRef = 8F5BD3131ED85C07006387FB /* Tree.swift */; };
/* End PBXBuildFile section */

/* Begin PBXContainerItemProxy section */
		6236C01B1DBD008F002A61D6 /* PBXContainerItemProxy */ = {
			isa = PBXContainerItemProxy;
			containerPortal = 6236BFFE1DBD008E002A61D6 /* Project object */;
			proxyType = 1;
			remoteGlobalIDString = 6236C0051DBD008E002A61D6;
			remoteInfo = Movies;
		};
/* End PBXContainerItemProxy section */

/* Begin PBXFileReference section */
		620741711EC8B2D7007A0DD7 /* Result.swift */ = {isa = PBXFileReference; fileEncoding = 4; lastKnownFileType = sourcecode.swift; path = Result.swift; sourceTree = "<group>"; };
		620741731EC8BF6F007A0DD7 /* UIViewController+Removal.swift */ = {isa = PBXFileReference; fileEncoding = 4; lastKnownFileType = sourcecode.swift; path = "UIViewController+Removal.swift"; sourceTree = "<group>"; };
		620741751EC8CDF1007A0DD7 /* LoginService.swift */ = {isa = PBXFileReference; fileEncoding = 4; lastKnownFileType = sourcecode.swift; path = LoginService.swift; sourceTree = "<group>"; };
		620741771EC8CE69007A0DD7 /* MockLoginService.swift */ = {isa = PBXFileReference; fileEncoding = 4; lastKnownFileType = sourcecode.swift; path = MockLoginService.swift; sourceTree = "<group>"; };
		620741791EC8D316007A0DD7 /* Randomizer.swift */ = {isa = PBXFileReference; fileEncoding = 4; lastKnownFileType = sourcecode.swift; path = Randomizer.swift; sourceTree = "<group>"; };
		6207417B1EC8D398007A0DD7 /* Functions.swift */ = {isa = PBXFileReference; fileEncoding = 4; lastKnownFileType = sourcecode.swift; path = Functions.swift; sourceTree = "<group>"; };
		6207417D1EC8DACB007A0DD7 /* LoginState.swift */ = {isa = PBXFileReference; fileEncoding = 4; lastKnownFileType = sourcecode.swift; path = LoginState.swift; sourceTree = "<group>"; };
		620741811EC8DBED007A0DD7 /* LoginUpdater.swift */ = {isa = PBXFileReference; fileEncoding = 4; lastKnownFileType = sourcecode.swift; path = LoginUpdater.swift; sourceTree = "<group>"; };
		620741861EC90394007A0DD7 /* ErrorHandler.swift */ = {isa = PBXFileReference; fileEncoding = 4; lastKnownFileType = sourcecode.swift; path = ErrorHandler.swift; sourceTree = "<group>"; };
		6207418A1EC90879007A0DD7 /* MockCredentials.swift */ = {isa = PBXFileReference; fileEncoding = 4; lastKnownFileType = sourcecode.swift; path = MockCredentials.swift; sourceTree = "<group>"; };
		6207418E1EC90DF4007A0DD7 /* LoginRouter.swift */ = {isa = PBXFileReference; fileEncoding = 4; lastKnownFileType = sourcecode.swift; path = LoginRouter.swift; sourceTree = "<group>"; };
		620741901EC90FF2007A0DD7 /* MoviesCoordinator.swift */ = {isa = PBXFileReference; fileEncoding = 4; lastKnownFileType = sourcecode.swift; path = MoviesCoordinator.swift; sourceTree = "<group>"; };
		6236C0061DBD008F002A61D6 /* Movies.app */ = {isa = PBXFileReference; explicitFileType = wrapper.application; includeInIndex = 0; path = Movies.app; sourceTree = BUILT_PRODUCTS_DIR; };
		6236C0091DBD008F002A61D6 /* AppDelegate.swift */ = {isa = PBXFileReference; lastKnownFileType = sourcecode.swift; path = AppDelegate.swift; sourceTree = "<group>"; };
		6236C00E1DBD008F002A61D6 /* Base */ = {isa = PBXFileReference; lastKnownFileType = file.storyboard; name = Base; path = Base.lproj/Main.storyboard; sourceTree = "<group>"; };
		6236C0101DBD008F002A61D6 /* Assets.xcassets */ = {isa = PBXFileReference; lastKnownFileType = folder.assetcatalog; path = Assets.xcassets; sourceTree = "<group>"; };
		6236C0131DBD008F002A61D6 /* Base */ = {isa = PBXFileReference; lastKnownFileType = file.storyboard; name = Base; path = Base.lproj/LaunchScreen.storyboard; sourceTree = "<group>"; };
		6236C0151DBD008F002A61D6 /* Info.plist */ = {isa = PBXFileReference; lastKnownFileType = text.plist.xml; path = Info.plist; sourceTree = "<group>"; };
		6236C01A1DBD008F002A61D6 /* MoviesTests.xctest */ = {isa = PBXFileReference; explicitFileType = wrapper.cfbundle; includeInIndex = 0; path = MoviesTests.xctest; sourceTree = BUILT_PRODUCTS_DIR; };
		6236C01E1DBD008F002A61D6 /* MoviesTests.swift */ = {isa = PBXFileReference; lastKnownFileType = sourcecode.swift; path = MoviesTests.swift; sourceTree = "<group>"; };
		6236C0201DBD008F002A61D6 /* Info.plist */ = {isa = PBXFileReference; lastKnownFileType = text.plist.xml; path = Info.plist; sourceTree = "<group>"; };
		624EB2A11ED4CD93008C1C1F /* UIStoryboard+Movies.swift */ = {isa = PBXFileReference; fileEncoding = 4; lastKnownFileType = sourcecode.swift; path = "UIStoryboard+Movies.swift"; sourceTree = "<group>"; };
		624EB2A31ED4CECA008C1C1F /* FlowComponent.swift */ = {isa = PBXFileReference; fileEncoding = 4; lastKnownFileType = sourcecode.swift; path = FlowComponent.swift; sourceTree = "<group>"; };
		624EB2A81ED4D9B6008C1C1F /* SignUpViewController.swift */ = {isa = PBXFileReference; fileEncoding = 4; lastKnownFileType = sourcecode.swift; path = SignUpViewController.swift; sourceTree = "<group>"; };
		624EB2AA1ED4D9C5008C1C1F /* SignUpFlow.swift */ = {isa = PBXFileReference; fileEncoding = 4; lastKnownFileType = sourcecode.swift; path = SignUpFlow.swift; sourceTree = "<group>"; };
		624EB2AC1ED4DA3E008C1C1F /* ForgotPasswordFlow.swift */ = {isa = PBXFileReference; fileEncoding = 4; lastKnownFileType = sourcecode.swift; path = ForgotPasswordFlow.swift; sourceTree = "<group>"; };
		624EB2AE1ED4DA4C008C1C1F /* ForgotPasswordViewController.swift */ = {isa = PBXFileReference; fileEncoding = 4; lastKnownFileType = sourcecode.swift; path = ForgotPasswordViewController.swift; sourceTree = "<group>"; };
		624EB2B01ED4DBF7008C1C1F /* ChangePasswordFlow.swift */ = {isa = PBXFileReference; fileEncoding = 4; lastKnownFileType = sourcecode.swift; path = ChangePasswordFlow.swift; sourceTree = "<group>"; };
		624EB2B21ED4DC24008C1C1F /* ChangePasswordViewController.swift */ = {isa = PBXFileReference; fileEncoding = 4; lastKnownFileType = sourcecode.swift; path = ChangePasswordViewController.swift; sourceTree = "<group>"; };
		624EB2B41ED4DD96008C1C1F /* MovieListFlow.swift */ = {isa = PBXFileReference; fileEncoding = 4; lastKnownFileType = sourcecode.swift; path = MovieListFlow.swift; sourceTree = "<group>"; };
		629374BF1E336A4000930DBC /* Property.swift */ = {isa = PBXFileReference; fileEncoding = 4; lastKnownFileType = sourcecode.swift; path = Property.swift; sourceTree = "<group>"; };
		62A325E21EC88E9700E890C7 /* MovieListViewController.swift */ = {isa = PBXFileReference; fileEncoding = 4; lastKnownFileType = sourcecode.swift; path = MovieListViewController.swift; sourceTree = "<group>"; };
		62A325E61EC89DEB00E890C7 /* MovieListCommands.swift */ = {isa = PBXFileReference; fileEncoding = 4; lastKnownFileType = sourcecode.swift; path = MovieListCommands.swift; sourceTree = "<group>"; };
		62A325E81EC89E4C00E890C7 /* MovieListUpdater.swift */ = {isa = PBXFileReference; fileEncoding = 4; lastKnownFileType = sourcecode.swift; path = MovieListUpdater.swift; sourceTree = "<group>"; };
		62A325EB1EC89EFF00E890C7 /* MoviePresentation.swift */ = {isa = PBXFileReference; fileEncoding = 4; lastKnownFileType = sourcecode.swift; path = MoviePresentation.swift; sourceTree = "<group>"; };
		62BB70BD1ED26A3D003ED093 /* Flow.swift */ = {isa = PBXFileReference; fileEncoding = 4; lastKnownFileType = sourcecode.swift; path = Flow.swift; sourceTree = "<group>"; };
		62BB70BF1ED26E69003ED093 /* LoginFlow.swift */ = {isa = PBXFileReference; fileEncoding = 4; lastKnownFileType = sourcecode.swift; path = LoginFlow.swift; sourceTree = "<group>"; };
		62D9EC8C1DBD01A10070EEF1 /* LoginViewController.swift */ = {isa = PBXFileReference; fileEncoding = 4; lastKnownFileType = sourcecode.swift; path = LoginViewController.swift; sourceTree = "<group>"; };
		62D9EC971DBD03830070EEF1 /* DummyViewController.swift */ = {isa = PBXFileReference; fileEncoding = 4; lastKnownFileType = sourcecode.swift; path = DummyViewController.swift; sourceTree = "<group>"; };
		62D9EC9B1DBD08690070EEF1 /* LoginCommands.swift */ = {isa = PBXFileReference; fileEncoding = 4; lastKnownFileType = sourcecode.swift; path = LoginCommands.swift; sourceTree = "<group>"; };
		62D9EC9D1DBD12B30070EEF1 /* Launcher.swift */ = {isa = PBXFileReference; fileEncoding = 4; lastKnownFileType = sourcecode.swift; path = Launcher.swift; sourceTree = "<group>"; };
		62D9ECA01DBD14FC0070EEF1 /* CollectionChange.swift */ = {isa = PBXFileReference; fileEncoding = 4; lastKnownFileType = sourcecode.swift; path = CollectionChange.swift; sourceTree = "<group>"; };
		62D9ECA11DBD14FC0070EEF1 /* ActivityTracker.swift */ = {isa = PBXFileReference; fileEncoding = 4; lastKnownFileType = sourcecode.swift; path = ActivityTracker.swift; sourceTree = "<group>"; };
		62D9ECA21DBD14FC0070EEF1 /* UITableView+CollectionChange.swift */ = {isa = PBXFileReference; fileEncoding = 4; lastKnownFileType = sourcecode.swift; path = "UITableView+CollectionChange.swift"; sourceTree = "<group>"; };
		62D9ECA91DBD28350070EEF1 /* Movie.swift */ = {isa = PBXFileReference; fileEncoding = 4; lastKnownFileType = sourcecode.swift; path = Movie.swift; sourceTree = "<group>"; };
		62F132621E34000A007662D0 /* MoviesService.swift */ = {isa = PBXFileReference; fileEncoding = 4; lastKnownFileType = sourcecode.swift; path = MoviesService.swift; sourceTree = "<group>"; };
		62F132641E340043007662D0 /* MockMoviesService.swift */ = {isa = PBXFileReference; fileEncoding = 4; lastKnownFileType = sourcecode.swift; path = MockMoviesService.swift; sourceTree = "<group>"; };
		62FD0B341EC3B60A00F5B0E0 /* MovieListState.swift */ = {isa = PBXFileReference; fileEncoding = 4; lastKnownFileType = sourcecode.swift; path = MovieListState.swift; sourceTree = "<group>"; };
		8F5BD3131ED85C07006387FB /* Tree.swift */ = {isa = PBXFileReference; fileEncoding = 4; lastKnownFileType = sourcecode.swift; path = Tree.swift; sourceTree = "<group>"; };
/* End PBXFileReference section */

/* Begin PBXFrameworksBuildPhase section */
		6236C0031DBD008E002A61D6 /* Frameworks */ = {
			isa = PBXFrameworksBuildPhase;
			buildActionMask = 2147483647;
			files = (
			);
			runOnlyForDeploymentPostprocessing = 0;
		};
		6236C0171DBD008F002A61D6 /* Frameworks */ = {
			isa = PBXFrameworksBuildPhase;
			buildActionMask = 2147483647;
			files = (
			);
			runOnlyForDeploymentPostprocessing = 0;
		};
/* End PBXFrameworksBuildPhase section */

/* Begin PBXGroup section */
		620741881EC90496007A0DD7 /* Protocols */ = {
			isa = PBXGroup;
			children = (
				620741861EC90394007A0DD7 /* ErrorHandler.swift */,
			);
			path = Protocols;
			sourceTree = "<group>";
		};
		620741891EC9083D007A0DD7 /* Mocking */ = {
			isa = PBXGroup;
			children = (
				6207418A1EC90879007A0DD7 /* MockCredentials.swift */,
				62F132641E340043007662D0 /* MockMoviesService.swift */,
				620741771EC8CE69007A0DD7 /* MockLoginService.swift */,
			);
			path = Mocking;
			sourceTree = "<group>";
		};
		6236BFFD1DBD008E002A61D6 = {
			isa = PBXGroup;
			children = (
				6236C0081DBD008F002A61D6 /* Movies */,
				6236C01D1DBD008F002A61D6 /* MoviesTests */,
				6236C0071DBD008F002A61D6 /* Products */,
			);
			sourceTree = "<group>";
		};
		6236C0071DBD008F002A61D6 /* Products */ = {
			isa = PBXGroup;
			children = (
				6236C0061DBD008F002A61D6 /* Movies.app */,
				6236C01A1DBD008F002A61D6 /* MoviesTests.xctest */,
			);
			name = Products;
			sourceTree = "<group>";
		};
		6236C0081DBD008F002A61D6 /* Movies */ = {
			isa = PBXGroup;
			children = (
				62F132611E33FFF1007662D0 /* Networking */,
				620741891EC9083D007A0DD7 /* Mocking */,
				62D9EC941DBD032E0070EEF1 /* Reusables */,
				6236C0291DBD0095002A61D6 /* Scenes */,
				62FD0B331EC3B51C00F5B0E0 /* Reactor */,
				6236C0091DBD008F002A61D6 /* AppDelegate.swift */,
				6236C00D1DBD008F002A61D6 /* Main.storyboard */,
				6236C0101DBD008F002A61D6 /* Assets.xcassets */,
				6236C0121DBD008F002A61D6 /* LaunchScreen.storyboard */,
				6236C0151DBD008F002A61D6 /* Info.plist */,
			);
			path = Movies;
			sourceTree = "<group>";
		};
		6236C01D1DBD008F002A61D6 /* MoviesTests */ = {
			isa = PBXGroup;
			children = (
				6236C01E1DBD008F002A61D6 /* MoviesTests.swift */,
				6236C0201DBD008F002A61D6 /* Info.plist */,
			);
			path = MoviesTests;
			sourceTree = "<group>";
		};
		6236C0291DBD0095002A61D6 /* Scenes */ = {
			isa = PBXGroup;
			children = (
				62D9EC9D1DBD12B30070EEF1 /* Launcher.swift */,
				620741901EC90FF2007A0DD7 /* MoviesCoordinator.swift */,
				62D9EC8B1DBD01820070EEF1 /* Login */,
				62D9EC8E1DBD02D60070EEF1 /* Movies */,
				624EB2A51ED4D96B008C1C1F /* SignUp */,
				624EB2A71ED4D98D008C1C1F /* ForgotPassword */,
				624EB2A61ED4D981008C1C1F /* ChangePassword */,
				624EB2A31ED4CECA008C1C1F /* FlowComponent.swift */,
			);
			path = Scenes;
			sourceTree = "<group>";
		};
		624EB2A51ED4D96B008C1C1F /* SignUp */ = {
			isa = PBXGroup;
			children = (
				624EB2AA1ED4D9C5008C1C1F /* SignUpFlow.swift */,
				624EB2A81ED4D9B6008C1C1F /* SignUpViewController.swift */,
			);
			path = SignUp;
			sourceTree = "<group>";
		};
		624EB2A61ED4D981008C1C1F /* ChangePassword */ = {
			isa = PBXGroup;
			children = (
				624EB2B01ED4DBF7008C1C1F /* ChangePasswordFlow.swift */,
				624EB2B21ED4DC24008C1C1F /* ChangePasswordViewController.swift */,
			);
			path = ChangePassword;
			sourceTree = "<group>";
		};
		624EB2A71ED4D98D008C1C1F /* ForgotPassword */ = {
			isa = PBXGroup;
			children = (
				624EB2AC1ED4DA3E008C1C1F /* ForgotPasswordFlow.swift */,
				624EB2AE1ED4DA4C008C1C1F /* ForgotPasswordViewController.swift */,
			);
			path = ForgotPassword;
			sourceTree = "<group>";
		};
		62A325EA1EC89ED700E890C7 /* Presentations */ = {
			isa = PBXGroup;
			children = (
				62A325EB1EC89EFF00E890C7 /* MoviePresentation.swift */,
			);
			path = Presentations;
			sourceTree = "<group>";
		};
		62D9EC8B1DBD01820070EEF1 /* Login */ = {
			isa = PBXGroup;
			children = (
				62BB70BF1ED26E69003ED093 /* LoginFlow.swift */,
				6207417D1EC8DACB007A0DD7 /* LoginState.swift */,
				62D9EC9B1DBD08690070EEF1 /* LoginCommands.swift */,
				6207418E1EC90DF4007A0DD7 /* LoginRouter.swift */,
				620741811EC8DBED007A0DD7 /* LoginUpdater.swift */,
				62D9EC8C1DBD01A10070EEF1 /* LoginViewController.swift */,
			);
			path = Login;
			sourceTree = "<group>";
		};
		62D9EC8E1DBD02D60070EEF1 /* Movies */ = {
			isa = PBXGroup;
			children = (
				624EB2B41ED4DD96008C1C1F /* MovieListFlow.swift */,
				62FD0B341EC3B60A00F5B0E0 /* MovieListState.swift */,
				62A325E61EC89DEB00E890C7 /* MovieListCommands.swift */,
				62A325E81EC89E4C00E890C7 /* MovieListUpdater.swift */,
				62A325E21EC88E9700E890C7 /* MovieListViewController.swift */,
			);
			path = Movies;
			sourceTree = "<group>";
		};
		62D9EC941DBD032E0070EEF1 /* Reusables */ = {
			isa = PBXGroup;
			children = (
				620741881EC90496007A0DD7 /* Protocols */,
				62A325EA1EC89ED700E890C7 /* Presentations */,
				62D9ECA81DBD1B0E0070EEF1 /* DataModels */,
				62D9EC9F1DBD14E30070EEF1 /* Helpers */,
				62D9EC971DBD03830070EEF1 /* DummyViewController.swift */,
			);
			path = Reusables;
			sourceTree = "<group>";
		};
		62D9EC9F1DBD14E30070EEF1 /* Helpers */ = {
			isa = PBXGroup;
			children = (
				62D9ECA01DBD14FC0070EEF1 /* CollectionChange.swift */,
				62D9ECA11DBD14FC0070EEF1 /* ActivityTracker.swift */,
				62D9ECA21DBD14FC0070EEF1 /* UITableView+CollectionChange.swift */,
				629374BF1E336A4000930DBC /* Property.swift */,
				620741711EC8B2D7007A0DD7 /* Result.swift */,
				620741731EC8BF6F007A0DD7 /* UIViewController+Removal.swift */,
				620741791EC8D316007A0DD7 /* Randomizer.swift */,
				6207417B1EC8D398007A0DD7 /* Functions.swift */,
				624EB2A11ED4CD93008C1C1F /* UIStoryboard+Movies.swift */,
			);
			path = Helpers;
			sourceTree = "<group>";
		};
		62D9ECA81DBD1B0E0070EEF1 /* DataModels */ = {
			isa = PBXGroup;
			children = (
				62D9ECA91DBD28350070EEF1 /* Movie.swift */,
			);
			path = DataModels;
			sourceTree = "<group>";
		};
		62F132611E33FFF1007662D0 /* Networking */ = {
			isa = PBXGroup;
			children = (
				62F132621E34000A007662D0 /* MoviesService.swift */,
				620741751EC8CDF1007A0DD7 /* LoginService.swift */,
			);
			path = Networking;
			sourceTree = "<group>";
		};
		62FD0B331EC3B51C00F5B0E0 /* Reactor */ = {
			isa = PBXGroup;
			children = (
				62BB70BD1ED26A3D003ED093 /* Flow.swift */,
				8F5BD3131ED85C07006387FB /* Tree.swift */,
			);
			path = Reactor;
			sourceTree = "<group>";
		};
/* End PBXGroup section */

/* Begin PBXNativeTarget section */
		6236C0051DBD008E002A61D6 /* Movies */ = {
			isa = PBXNativeTarget;
			buildConfigurationList = 6236C0231DBD008F002A61D6 /* Build configuration list for PBXNativeTarget "Movies" */;
			buildPhases = (
				6236C0021DBD008E002A61D6 /* Sources */,
				6236C0031DBD008E002A61D6 /* Frameworks */,
				6236C0041DBD008E002A61D6 /* Resources */,
			);
			buildRules = (
			);
			dependencies = (
			);
			name = Movies;
			productName = Movies;
			productReference = 6236C0061DBD008F002A61D6 /* Movies.app */;
			productType = "com.apple.product-type.application";
		};
		6236C0191DBD008F002A61D6 /* MoviesTests */ = {
			isa = PBXNativeTarget;
			buildConfigurationList = 6236C0261DBD008F002A61D6 /* Build configuration list for PBXNativeTarget "MoviesTests" */;
			buildPhases = (
				6236C0161DBD008F002A61D6 /* Sources */,
				6236C0171DBD008F002A61D6 /* Frameworks */,
				6236C0181DBD008F002A61D6 /* Resources */,
			);
			buildRules = (
			);
			dependencies = (
				6236C01C1DBD008F002A61D6 /* PBXTargetDependency */,
			);
			name = MoviesTests;
			productName = MoviesTests;
			productReference = 6236C01A1DBD008F002A61D6 /* MoviesTests.xctest */;
			productType = "com.apple.product-type.bundle.unit-test";
		};
/* End PBXNativeTarget section */

/* Begin PBXProject section */
		6236BFFE1DBD008E002A61D6 /* Project object */ = {
			isa = PBXProject;
			attributes = {
				LastSwiftUpdateCheck = 0800;
				LastUpgradeCheck = 0830;
				ORGANIZATIONNAME = GK;
				TargetAttributes = {
					6236C0051DBD008E002A61D6 = {
						CreatedOnToolsVersion = 8.0;
						ProvisioningStyle = Automatic;
					};
					6236C0191DBD008F002A61D6 = {
						CreatedOnToolsVersion = 8.0;
						ProvisioningStyle = Automatic;
						TestTargetID = 6236C0051DBD008E002A61D6;
					};
				};
			};
			buildConfigurationList = 6236C0011DBD008E002A61D6 /* Build configuration list for PBXProject "Movies" */;
			compatibilityVersion = "Xcode 3.2";
			developmentRegion = English;
			hasScannedForEncodings = 0;
			knownRegions = (
				en,
				Base,
			);
			mainGroup = 6236BFFD1DBD008E002A61D6;
			productRefGroup = 6236C0071DBD008F002A61D6 /* Products */;
			projectDirPath = "";
			projectRoot = "";
			targets = (
				6236C0051DBD008E002A61D6 /* Movies */,
				6236C0191DBD008F002A61D6 /* MoviesTests */,
			);
		};
/* End PBXProject section */

/* Begin PBXResourcesBuildPhase section */
		6236C0041DBD008E002A61D6 /* Resources */ = {
			isa = PBXResourcesBuildPhase;
			buildActionMask = 2147483647;
			files = (
				6236C0141DBD008F002A61D6 /* LaunchScreen.storyboard in Resources */,
				6236C0111DBD008F002A61D6 /* Assets.xcassets in Resources */,
				6236C00F1DBD008F002A61D6 /* Main.storyboard in Resources */,
			);
			runOnlyForDeploymentPostprocessing = 0;
		};
		6236C0181DBD008F002A61D6 /* Resources */ = {
			isa = PBXResourcesBuildPhase;
			buildActionMask = 2147483647;
			files = (
			);
			runOnlyForDeploymentPostprocessing = 0;
		};
/* End PBXResourcesBuildPhase section */

/* Begin PBXSourcesBuildPhase section */
		6236C0021DBD008E002A61D6 /* Sources */ = {
			isa = PBXSourcesBuildPhase;
			buildActionMask = 2147483647;
			files = (
				62D9ECAA1DBD28350070EEF1 /* Movie.swift in Sources */,
				62D9EC981DBD03830070EEF1 /* DummyViewController.swift in Sources */,
				624EB2B51ED4DD96008C1C1F /* MovieListFlow.swift in Sources */,
				62D9EC9E1DBD12B30070EEF1 /* Launcher.swift in Sources */,
				62A325EC1EC89EFF00E890C7 /* MoviePresentation.swift in Sources */,
				624EB2B11ED4DBF7008C1C1F /* ChangePasswordFlow.swift in Sources */,
				62D9EC8D1DBD01A10070EEF1 /* LoginViewController.swift in Sources */,
				620741871EC90394007A0DD7 /* ErrorHandler.swift in Sources */,
				6207418F1EC90DF4007A0DD7 /* LoginRouter.swift in Sources */,
				620741781EC8CE69007A0DD7 /* MockLoginService.swift in Sources */,
				62F132631E34000A007662D0 /* MoviesService.swift in Sources */,
				620741761EC8CDF1007A0DD7 /* LoginService.swift in Sources */,
				6236C00A1DBD008F002A61D6 /* AppDelegate.swift in Sources */,
				62D9ECA31DBD14FC0070EEF1 /* CollectionChange.swift in Sources */,
				620741911EC90FF2007A0DD7 /* MoviesCoordinator.swift in Sources */,
				6207417C1EC8D398007A0DD7 /* Functions.swift in Sources */,
				620741821EC8DBED007A0DD7 /* LoginUpdater.swift in Sources */,
				620741721EC8B2D7007A0DD7 /* Result.swift in Sources */,
				629374C01E336A4000930DBC /* Property.swift in Sources */,
				62FD0B351EC3B60A00F5B0E0 /* MovieListState.swift in Sources */,
				62A325E31EC88E9700E890C7 /* MovieListViewController.swift in Sources */,
				62D9EC9C1DBD08690070EEF1 /* LoginCommands.swift in Sources */,
				62F132651E340043007662D0 /* MockMoviesService.swift in Sources */,
				62BB70BE1ED26A3D003ED093 /* Flow.swift in Sources */,
				6207418B1EC90879007A0DD7 /* MockCredentials.swift in Sources */,
				62D9ECA51DBD14FC0070EEF1 /* UITableView+CollectionChange.swift in Sources */,
				6207417E1EC8DACB007A0DD7 /* LoginState.swift in Sources */,
				624EB2A41ED4CECA008C1C1F /* FlowComponent.swift in Sources */,
				624EB2AF1ED4DA4C008C1C1F /* ForgotPasswordViewController.swift in Sources */,
				62BB70C01ED26E69003ED093 /* LoginFlow.swift in Sources */,
				62A325E71EC89DEB00E890C7 /* MovieListCommands.swift in Sources */,
				624EB2A21ED4CD93008C1C1F /* UIStoryboard+Movies.swift in Sources */,
				624EB2AD1ED4DA3E008C1C1F /* ForgotPasswordFlow.swift in Sources */,
				624EB2A91ED4D9B6008C1C1F /* SignUpViewController.swift in Sources */,
				624EB2B31ED4DC24008C1C1F /* ChangePasswordViewController.swift in Sources */,
				8F5BD3141ED85C07006387FB /* Tree.swift in Sources */,
				6207417A1EC8D316007A0DD7 /* Randomizer.swift in Sources */,
				62D9ECA41DBD14FC0070EEF1 /* ActivityTracker.swift in Sources */,
				62A325E91EC89E4C00E890C7 /* MovieListUpdater.swift in Sources */,
				624EB2AB1ED4D9C5008C1C1F /* SignUpFlow.swift in Sources */,
				620741741EC8BF6F007A0DD7 /* UIViewController+Removal.swift in Sources */,
			);
			runOnlyForDeploymentPostprocessing = 0;
		};
		6236C0161DBD008F002A61D6 /* Sources */ = {
			isa = PBXSourcesBuildPhase;
			buildActionMask = 2147483647;
			files = (
				6236C01F1DBD008F002A61D6 /* MoviesTests.swift in Sources */,
			);
			runOnlyForDeploymentPostprocessing = 0;
		};
/* End PBXSourcesBuildPhase section */

/* Begin PBXTargetDependency section */
		6236C01C1DBD008F002A61D6 /* PBXTargetDependency */ = {
			isa = PBXTargetDependency;
			target = 6236C0051DBD008E002A61D6 /* Movies */;
			targetProxy = 6236C01B1DBD008F002A61D6 /* PBXContainerItemProxy */;
		};
/* End PBXTargetDependency section */

/* Begin PBXVariantGroup section */
		6236C00D1DBD008F002A61D6 /* Main.storyboard */ = {
			isa = PBXVariantGroup;
			children = (
				6236C00E1DBD008F002A61D6 /* Base */,
			);
			name = Main.storyboard;
			sourceTree = "<group>";
		};
		6236C0121DBD008F002A61D6 /* LaunchScreen.storyboard */ = {
			isa = PBXVariantGroup;
			children = (
				6236C0131DBD008F002A61D6 /* Base */,
			);
			name = LaunchScreen.storyboard;
			sourceTree = "<group>";
		};
/* End PBXVariantGroup section */

/* Begin XCBuildConfiguration section */
		6236C0211DBD008F002A61D6 /* Debug */ = {
			isa = XCBuildConfiguration;
			buildSettings = {
				ALWAYS_SEARCH_USER_PATHS = NO;
				CLANG_ANALYZER_NONNULL = YES;
				CLANG_CXX_LANGUAGE_STANDARD = "gnu++0x";
				CLANG_CXX_LIBRARY = "libc++";
				CLANG_ENABLE_MODULES = YES;
				CLANG_ENABLE_OBJC_ARC = YES;
				CLANG_WARN_BOOL_CONVERSION = YES;
				CLANG_WARN_CONSTANT_CONVERSION = YES;
				CLANG_WARN_DIRECT_OBJC_ISA_USAGE = YES_ERROR;
				CLANG_WARN_DOCUMENTATION_COMMENTS = YES;
				CLANG_WARN_EMPTY_BODY = YES;
				CLANG_WARN_ENUM_CONVERSION = YES;
				CLANG_WARN_INFINITE_RECURSION = YES;
				CLANG_WARN_INT_CONVERSION = YES;
				CLANG_WARN_OBJC_ROOT_CLASS = YES_ERROR;
				CLANG_WARN_SUSPICIOUS_MOVE = YES;
				CLANG_WARN_SUSPICIOUS_MOVES = YES;
				CLANG_WARN_UNREACHABLE_CODE = YES;
				CLANG_WARN__DUPLICATE_METHOD_MATCH = YES;
				"CODE_SIGN_IDENTITY[sdk=iphoneos*]" = "iPhone Developer";
				COPY_PHASE_STRIP = NO;
				DEBUG_INFORMATION_FORMAT = dwarf;
				ENABLE_STRICT_OBJC_MSGSEND = YES;
				ENABLE_TESTABILITY = YES;
				GCC_C_LANGUAGE_STANDARD = gnu99;
				GCC_DYNAMIC_NO_PIC = NO;
				GCC_NO_COMMON_BLOCKS = YES;
				GCC_OPTIMIZATION_LEVEL = 0;
				GCC_PREPROCESSOR_DEFINITIONS = (
					"DEBUG=1",
					"$(inherited)",
				);
				GCC_WARN_64_TO_32_BIT_CONVERSION = YES;
				GCC_WARN_ABOUT_RETURN_TYPE = YES_ERROR;
				GCC_WARN_UNDECLARED_SELECTOR = YES;
				GCC_WARN_UNINITIALIZED_AUTOS = YES_AGGRESSIVE;
				GCC_WARN_UNUSED_FUNCTION = YES;
				GCC_WARN_UNUSED_VARIABLE = YES;
				IPHONEOS_DEPLOYMENT_TARGET = 10.0;
				MTL_ENABLE_DEBUG_INFO = YES;
				ONLY_ACTIVE_ARCH = YES;
				SDKROOT = iphoneos;
				SWIFT_ACTIVE_COMPILATION_CONDITIONS = DEBUG;
				SWIFT_OPTIMIZATION_LEVEL = "-Onone";
			};
			name = Debug;
		};
		6236C0221DBD008F002A61D6 /* Release */ = {
			isa = XCBuildConfiguration;
			buildSettings = {
				ALWAYS_SEARCH_USER_PATHS = NO;
				CLANG_ANALYZER_NONNULL = YES;
				CLANG_CXX_LANGUAGE_STANDARD = "gnu++0x";
				CLANG_CXX_LIBRARY = "libc++";
				CLANG_ENABLE_MODULES = YES;
				CLANG_ENABLE_OBJC_ARC = YES;
				CLANG_WARN_BOOL_CONVERSION = YES;
				CLANG_WARN_CONSTANT_CONVERSION = YES;
				CLANG_WARN_DIRECT_OBJC_ISA_USAGE = YES_ERROR;
				CLANG_WARN_DOCUMENTATION_COMMENTS = YES;
				CLANG_WARN_EMPTY_BODY = YES;
				CLANG_WARN_ENUM_CONVERSION = YES;
				CLANG_WARN_INFINITE_RECURSION = YES;
				CLANG_WARN_INT_CONVERSION = YES;
				CLANG_WARN_OBJC_ROOT_CLASS = YES_ERROR;
				CLANG_WARN_SUSPICIOUS_MOVE = YES;
				CLANG_WARN_SUSPICIOUS_MOVES = YES;
				CLANG_WARN_UNREACHABLE_CODE = YES;
				CLANG_WARN__DUPLICATE_METHOD_MATCH = YES;
				"CODE_SIGN_IDENTITY[sdk=iphoneos*]" = "iPhone Developer";
				COPY_PHASE_STRIP = NO;
				DEBUG_INFORMATION_FORMAT = "dwarf-with-dsym";
				ENABLE_NS_ASSERTIONS = NO;
				ENABLE_STRICT_OBJC_MSGSEND = YES;
				GCC_C_LANGUAGE_STANDARD = gnu99;
				GCC_NO_COMMON_BLOCKS = YES;
				GCC_WARN_64_TO_32_BIT_CONVERSION = YES;
				GCC_WARN_ABOUT_RETURN_TYPE = YES_ERROR;
				GCC_WARN_UNDECLARED_SELECTOR = YES;
				GCC_WARN_UNINITIALIZED_AUTOS = YES_AGGRESSIVE;
				GCC_WARN_UNUSED_FUNCTION = YES;
				GCC_WARN_UNUSED_VARIABLE = YES;
				IPHONEOS_DEPLOYMENT_TARGET = 10.0;
				MTL_ENABLE_DEBUG_INFO = NO;
				SDKROOT = iphoneos;
				SWIFT_OPTIMIZATION_LEVEL = "-Owholemodule";
				VALIDATE_PRODUCT = YES;
			};
			name = Release;
		};
		6236C0241DBD008F002A61D6 /* Debug */ = {
			isa = XCBuildConfiguration;
			buildSettings = {
				ASSETCATALOG_COMPILER_APPICON_NAME = AppIcon;
				INFOPLIST_FILE = Movies/Info.plist;
				LD_RUNPATH_SEARCH_PATHS = "$(inherited) @executable_path/Frameworks";
				PRODUCT_BUNDLE_IDENTIFIER = me.gk.Movies;
				PRODUCT_NAME = "$(TARGET_NAME)";
				SWIFT_VERSION = 3.0;
			};
			name = Debug;
		};
		6236C0251DBD008F002A61D6 /* Release */ = {
			isa = XCBuildConfiguration;
			buildSettings = {
				ASSETCATALOG_COMPILER_APPICON_NAME = AppIcon;
				INFOPLIST_FILE = Movies/Info.plist;
				LD_RUNPATH_SEARCH_PATHS = "$(inherited) @executable_path/Frameworks";
				PRODUCT_BUNDLE_IDENTIFIER = me.gk.Movies;
				PRODUCT_NAME = "$(TARGET_NAME)";
				SWIFT_VERSION = 3.0;
			};
			name = Release;
		};
		6236C0271DBD008F002A61D6 /* Debug */ = {
			isa = XCBuildConfiguration;
			buildSettings = {
				ALWAYS_EMBED_SWIFT_STANDARD_LIBRARIES = YES;
				BUNDLE_LOADER = "$(TEST_HOST)";
				INFOPLIST_FILE = MoviesTests/Info.plist;
				LD_RUNPATH_SEARCH_PATHS = "$(inherited) @executable_path/Frameworks @loader_path/Frameworks";
				PRODUCT_BUNDLE_IDENTIFIER = me.gk.MoviesTests;
				PRODUCT_NAME = "$(TARGET_NAME)";
				SWIFT_VERSION = 3.0;
				TEST_HOST = "$(BUILT_PRODUCTS_DIR)/Movies.app/Movies";
			};
			name = Debug;
		};
		6236C0281DBD008F002A61D6 /* Release */ = {
			isa = XCBuildConfiguration;
			buildSettings = {
				ALWAYS_EMBED_SWIFT_STANDARD_LIBRARIES = YES;
				BUNDLE_LOADER = "$(TEST_HOST)";
				INFOPLIST_FILE = MoviesTests/Info.plist;
				LD_RUNPATH_SEARCH_PATHS = "$(inherited) @executable_path/Frameworks @loader_path/Frameworks";
				PRODUCT_BUNDLE_IDENTIFIER = me.gk.MoviesTests;
				PRODUCT_NAME = "$(TARGET_NAME)";
				SWIFT_VERSION = 3.0;
				TEST_HOST = "$(BUILT_PRODUCTS_DIR)/Movies.app/Movies";
			};
			name = Release;
		};
/* End XCBuildConfiguration section */

/* Begin XCConfigurationList section */
		6236C0011DBD008E002A61D6 /* Build configuration list for PBXProject "Movies" */ = {
			isa = XCConfigurationList;
			buildConfigurations = (
				6236C0211DBD008F002A61D6 /* Debug */,
				6236C0221DBD008F002A61D6 /* Release */,
			);
			defaultConfigurationIsVisible = 0;
			defaultConfigurationName = Release;
		};
		6236C0231DBD008F002A61D6 /* Build configuration list for PBXNativeTarget "Movies" */ = {
			isa = XCConfigurationList;
			buildConfigurations = (
				6236C0241DBD008F002A61D6 /* Debug */,
				6236C0251DBD008F002A61D6 /* Release */,
			);
			defaultConfigurationIsVisible = 0;
			defaultConfigurationName = Release;
		};
		6236C0261DBD008F002A61D6 /* Build configuration list for PBXNativeTarget "MoviesTests" */ = {
			isa = XCConfigurationList;
			buildConfigurations = (
				6236C0271DBD008F002A61D6 /* Debug */,
				6236C0281DBD008F002A61D6 /* Release */,
			);
			defaultConfigurationIsVisible = 0;
			defaultConfigurationName = Release;
		};
/* End XCConfigurationList section */
	};
	rootObject = 6236BFFE1DBD008E002A61D6 /* Project object */;
}
